
Microsoft Visual Studio Solution File, Format Version 12.00
# Visual Studio Version 16
VisualStudioVersion = 16.0.31005.135
MinimumVisualStudioVersion = 10.0.40219.1
Project("{2150E333-8FDC-42A3-9474-1A3956D46DE8}") = "Microservices", "Microservices", "{4DFE833E-C964-461D-B1C9-C5483881839B}"
EndProject
Project("{2150E333-8FDC-42A3-9474-1A3956D46DE8}") = "Domain", "Domain", "{38E9AE92-0B8D-4DC1-94A8-8AFA0E42E5A9}"
EndProject
Project("{2150E333-8FDC-42A3-9474-1A3956D46DE8}") = "Infra.Bus", "Infra.Bus", "{38E6589D-7B2B-4B20-A553-85C469953E3C}"
EndProject
Project("{2150E333-8FDC-42A3-9474-1A3956D46DE8}") = "Infra.IoC", "Infra.IoC", "{8682839A-87F5-4CDA-A691-B665EF9ECC1F}"
EndProject
Project("{2150E333-8FDC-42A3-9474-1A3956D46DE8}") = "Presentation", "Presentation", "{09C9BC9E-566E-48F7-91B6-44D8AFBCF334}"
EndProject
Project("{FAE04EC0-301F-11D3-BF4B-00C04F79EFBC}") = "MicroRabbit.Domain.Core", "MicroRabbit.Domain.Core\MicroRabbit.Domain.Core.csproj", "{BD6D78BC-F14D-4C50-86F5-5AFE029C1D44}"
EndProject
Project("{FAE04EC0-301F-11D3-BF4B-00C04F79EFBC}") = "MicroRabbit.Infra.Bus", "MicroRabbit.Infra.Bus\MicroRabbit.Infra.Bus.csproj", "{1066B613-B4A1-4FFA-87DB-099F2CAADBFB}"
EndProject
Project("{FAE04EC0-301F-11D3-BF4B-00C04F79EFBC}") = "MicroRabbit.Infra.IoC", "MicroRabbit.Infra.IoC\MicroRabbit.Infra.IoC.csproj", "{4ACF12CB-AAF8-4DCC-950C-89DB93D3319A}"
EndProject
Global
	GlobalSection(SolutionConfigurationPlatforms) = preSolution
		Debug|Any CPU = Debug|Any CPU
		Release|Any CPU = Release|Any CPU
	EndGlobalSection
	GlobalSection(ProjectConfigurationPlatforms) = postSolution
		{BD6D78BC-F14D-4C50-86F5-5AFE029C1D44}.Debug|Any CPU.ActiveCfg = Debug|Any CPU
		{BD6D78BC-F14D-4C50-86F5-5AFE029C1D44}.Debug|Any CPU.Build.0 = Debug|Any CPU
		{BD6D78BC-F14D-4C50-86F5-5AFE029C1D44}.Release|Any CPU.ActiveCfg = Release|Any CPU
		{BD6D78BC-F14D-4C50-86F5-5AFE029C1D44}.Release|Any CPU.Build.0 = Release|Any CPU
		{1066B613-B4A1-4FFA-87DB-099F2CAADBFB}.Debug|Any CPU.ActiveCfg = Debug|Any CPU
		{1066B613-B4A1-4FFA-87DB-099F2CAADBFB}.Debug|Any CPU.Build.0 = Debug|Any CPU
		{1066B613-B4A1-4FFA-87DB-099F2CAADBFB}.Release|Any CPU.ActiveCfg = Release|Any CPU
		{1066B613-B4A1-4FFA-87DB-099F2CAADBFB}.Release|Any CPU.Build.0 = Release|Any CPU
		{4ACF12CB-AAF8-4DCC-950C-89DB93D3319A}.Debug|Any CPU.ActiveCfg = Debug|Any CPU
		{4ACF12CB-AAF8-4DCC-950C-89DB93D3319A}.Debug|Any CPU.Build.0 = Debug|Any CPU
		{4ACF12CB-AAF8-4DCC-950C-89DB93D3319A}.Release|Any CPU.ActiveCfg = Release|Any CPU
		{4ACF12CB-AAF8-4DCC-950C-89DB93D3319A}.Release|Any CPU.Build.0 = Release|Any CPU
	EndGlobalSection
	GlobalSection(SolutionProperties) = preSolution
		HideSolutionNode = FALSE
	EndGlobalSection
	GlobalSection(NestedProjects) = preSolution
		{BD6D78BC-F14D-4C50-86F5-5AFE029C1D44} = {38E9AE92-0B8D-4DC1-94A8-8AFA0E42E5A9}
		{1066B613-B4A1-4FFA-87DB-099F2CAADBFB} = {38E6589D-7B2B-4B20-A553-85C469953E3C}
		{4ACF12CB-AAF8-4DCC-950C-89DB93D3319A} = {8682839A-87F5-4CDA-A691-B665EF9ECC1F}
	EndGlobalSection
	GlobalSection(ExtensibilityGlobals) = postSolution
		SolutionGuid = {EA8F96C0-C312-434B-8CA5-BBA3AB4ABBDC}
	EndGlobalSection
EndGlobal
